<?xml version="1.0" encoding="utf-8"?>
<Project ToolsVersion="4.0" xmlns="http://schemas.microsoft.com/developer/msbuild/2003">
  <ItemGroup>
    <Filter Include="Source Files">
      <UniqueIdentifier>{4FC737F1-C7A5-4376-A066-2A32D752A2FF}</UniqueIdentifier>
      <Extensions>cpp;c;cc;cxx;def;odl;idl;hpj;bat;asm;asmx</Extensions>
    </Filter>
    <Filter Include="Header Files">
      <UniqueIdentifier>{93995380-89BD-4b04-88EB-625FBE52EBFB}</UniqueIdentifier>
      <Extensions>h;hh;hpp;hxx;hm;inl;inc;xsd</Extensions>
    </Filter>
    <Filter Include="Resource Files">
      <UniqueIdentifier>{67DA6AB6-F800-4c08-8B7A-83BB121AAD01}</UniqueIdentifier>
      <Extensions>rc;ico;cur;bmp;dlg;rc2;rct;bin;rgs;gif;jpg;jpeg;jpe;resx;tiff;tif;png;wav;mfcribbon-ms</Extensions>
    </Filter>
  </ItemGroup>
  <ItemGroup>
    <ClCompile Include="Arguments\Argument.cpp">
      <Filter>Source Files</Filter>
    </ClCompile>
    <ClCompile Include="Arguments\ArgumentsAnalyzer.cpp">
      <Filter>Source Files</Filter>
    </ClCompile>
    <ClCompile Include="Components\FlyCameraController.cpp">
      <Filter>Source Files</Filter>
    </ClCompile>
    <ClCompile Include="Components\FPSCameraController.cpp">
      <Filter>Source Files</Filter>
    </ClCompile>
    <ClCompile Include="Components\FrameRate.cpp">
      <Filter>Source Files</Filter>
    </ClCompile>
    <ClCompile Include="Components\StatisticsView.cpp">
      <Filter>Source Files</Filter>
    </ClCompile>
    <ClCompile Include="Core\Console\Console.cpp">
      <Filter>Source Files</Filter>
    </ClCompile>
    <ClCompile Include="Core\Interfaces\Object.cpp">
      <Filter>Source Files</Filter>
    </ClCompile>
    <ClCompile Include="Core\Intersections\AABBVolume.cpp">
      <Filter>Source Files</Filter>
    </ClCompile>
    <ClCompile Include="Core\Intersections\FrustumVolume.cpp">
      <Filter>Source Files</Filter>
    </ClCompile>
    <ClCompile Include="Core\Intersections\GeometricPrimitive.cpp">
      <Filter>Source Files</Filter>
    </ClCompile>
    <ClCompile Include="Core\Intersections\Intersection.cpp">
      <Filter>Source Files</Filter>
    </ClCompile>
    <ClCompile Include="Core\Math\Array.cpp">
      <Filter>Source Files</Filter>
    </ClCompile>
    <ClCompile Include="Core\Math\Matrix.cpp">
      <Filter>Source Files</Filter>
    </ClCompile>
    <ClCompile Include="Core\Math\Vector3.cpp">
      <Filter>Source Files</Filter>
    </ClCompile>
    <ClCompile Include="Core\Parsers\XML\TinyXml\tinystr.cpp">
      <Filter>Source Files</Filter>
    </ClCompile>
    <ClCompile Include="Core\Parsers\XML\TinyXml\tinyxml.cpp">
      <Filter>Source Files</Filter>
    </ClCompile>
    <ClCompile Include="Core\Parsers\XML\TinyXml\tinyxmlerror.cpp">
      <Filter>Source Files</Filter>
    </ClCompile>
    <ClCompile Include="Core\Parsers\XML\TinyXml\tinyxmlparser.cpp">
      <Filter>Source Files</Filter>
    </ClCompile>
    <ClCompile Include="Core\Random\Random.cpp">
      <Filter>Source Files</Filter>
    </ClCompile>
    <ClCompile Include="DataStructures\Graph.cpp">
      <Filter>Source Files</Filter>
    </ClCompile>
    <ClCompile Include="DataStructures\Hashmap.cpp">
      <Filter>Source Files</Filter>
    </ClCompile>
    <ClCompile Include="DataStructures\Heap.cpp">
      <Filter>Source Files</Filter>
    </ClCompile>
    <ClCompile Include="Debug\Logger\Logger.cpp">
      <Filter>Source Files</Filter>
    </ClCompile>
    <ClCompile Include="Debug\Profiler\Profiler.cpp">
      <Filter>Source Files</Filter>
    </ClCompile>
    <ClCompile Include="Debug\Profiler\ProfilerFrame.cpp">
      <Filter>Source Files</Filter>
    </ClCompile>
    <ClCompile Include="Debug\Profiler\ProfilerLogger.cpp">
      <Filter>Source Files</Filter>
    </ClCompile>
    <ClCompile Include="Debug\Statistics\DrawnObjectsCountStat.cpp">
      <Filter>Source Files</Filter>
    </ClCompile>
    <ClCompile Include="Debug\Statistics\StatisticsManager.cpp">
      <Filter>Source Files</Filter>
    </ClCompile>
    <ClCompile Include="Debug\Statistics\StatisticsObject.cpp">
      <Filter>Source Files</Filter>
    </ClCompile>
    <ClCompile Include="Fonts\BitmapFont.cpp">
      <Filter>Source Files</Filter>
    </ClCompile>
    <ClCompile Include="Fonts\BitmapFontChar.cpp">
      <Filter>Source Files</Filter>
    </ClCompile>
    <ClCompile Include="Fonts\BitmapFontCharset.cpp">
      <Filter>Source Files</Filter>
    </ClCompile>
    <ClCompile Include="Fonts\BitmapFontCommon.cpp">
      <Filter>Source Files</Filter>
    </ClCompile>
    <ClCompile Include="Fonts\BitmapFontInfo.cpp">
      <Filter>Source Files</Filter>
    </ClCompile>
    <ClCompile Include="Fonts\BitmapFontPage.cpp">
      <Filter>Source Files</Filter>
    </ClCompile>
    <ClCompile Include="Fonts\Font.cpp">
      <Filter>Source Files</Filter>
    </ClCompile>
    <ClCompile Include="Fonts\FontChar.cpp">
      <Filter>Source Files</Filter>
    </ClCompile>
    <ClCompile Include="Lighting\DirectionalLight.cpp">
      <Filter>Source Files</Filter>
    </ClCompile>
    <ClCompile Include="Lighting\Light.cpp">
      <Filter>Source Files</Filter>
    </ClCompile>
    <ClCompile Include="Lighting\LightRenderer.cpp">
      <Filter>Source Files</Filter>
    </ClCompile>
    <ClCompile Include="Lighting\LightsManager.cpp">
      <Filter>Source Files</Filter>
    </ClCompile>
    <ClCompile Include="Lighting\PointLight.cpp">
      <Filter>Source Files</Filter>
    </ClCompile>
    <ClCompile Include="Lighting\PointLightRenderer.cpp">
      <Filter>Source Files</Filter>
    </ClCompile>
    <ClCompile Include="Lighting\SpotLight.cpp">
      <Filter>Source Files</Filter>
    </ClCompile>
    <ClCompile Include="Lighting\VolumetricLight.cpp">
      <Filter>Source Files</Filter>
    </ClCompile>
    <ClCompile Include="Main\Game.cpp">
      <Filter>Source Files</Filter>
    </ClCompile>
    <ClCompile Include="Main\GameEngine.cpp">
      <Filter>Source Files</Filter>
    </ClCompile>
    <ClCompile Include="Managers\MaterialManager.cpp">
      <Filter>Source Files</Filter>
    </ClCompile>
    <ClCompile Include="Managers\SceneManager.cpp">
      <Filter>Source Files</Filter>
    </ClCompile>
    <ClCompile Include="Managers\ShaderManager.cpp">
      <Filter>Source Files</Filter>
    </ClCompile>
    <ClCompile Include="Managers\TextManager.cpp">
      <Filter>Source Files</Filter>
    </ClCompile>
    <ClCompile Include="Managers\TextureManager.cpp">
      <Filter>Source Files</Filter>
    </ClCompile>
    <ClCompile Include="Material\Material.cpp">
      <Filter>Source Files</Filter>
    </ClCompile>
    <ClCompile Include="Material\MaterialLibrary.cpp">
      <Filter>Source Files</Filter>
    </ClCompile>
    <ClCompile Include="Mesh\AnimationContainer.cpp">
      <Filter>Source Files</Filter>
    </ClCompile>
    <ClCompile Include="Mesh\AnimationModel.cpp">
      <Filter>Source Files</Filter>
    </ClCompile>
    <ClCompile Include="Mesh\AnimationNode.cpp">
      <Filter>Source Files</Filter>
    </ClCompile>
    <ClCompile Include="Mesh\AnimationsController.cpp">
      <Filter>Source Files</Filter>
    </ClCompile>
    <ClCompile Include="Mesh\BoneInfo.cpp">
      <Filter>Source Files</Filter>
    </ClCompile>
    <ClCompile Include="Mesh\BoneNode.cpp">
      <Filter>Source Files</Filter>
    </ClCompile>
    <ClCompile Include="Mesh\BoneTree.cpp">
      <Filter>Source Files</Filter>
    </ClCompile>
    <ClCompile Include="Mesh\Model.cpp">
      <Filter>Source Files</Filter>
    </ClCompile>
    <ClCompile Include="Mesh\ObjectModel.cpp">
      <Filter>Source Files</Filter>
    </ClCompile>
    <ClCompile Include="Mesh\Polygon.cpp">
      <Filter>Source Files</Filter>
    </ClCompile>
    <ClCompile Include="Mesh\PolygonGroup.cpp">
      <Filter>Source Files</Filter>
    </ClCompile>
    <ClCompile Include="Mesh\VertexBoneInfo.cpp">
      <Filter>Source Files</Filter>
    </ClCompile>
    <ClCompile Include="Modules\SDLModule.cpp">
      <Filter>Source Files</Filter>
    </ClCompile>
    <ClCompile Include="Renderer\GBuffer.cpp">
      <Filter>Source Files</Filter>
    </ClCompile>
    <ClCompile Include="Renderer\Pipeline.cpp">
      <Filter>Source Files</Filter>
    </ClCompile>
    <ClCompile Include="Renderer\Renderer.cpp">
      <Filter>Source Files</Filter>
    </ClCompile>
    <ClCompile Include="Renderer\RenderManager.cpp">
      <Filter>Source Files</Filter>
    </ClCompile>
    <ClCompile Include="Resources\AnimationModelLoader.cpp">
      <Filter>Source Files</Filter>
    </ClCompile>
    <ClCompile Include="Resources\BitmapFontLoader.cpp">
      <Filter>Source Files</Filter>
    </ClCompile>
    <ClCompile Include="Resources\CubeMapLoader.cpp">
      <Filter>Source Files</Filter>
    </ClCompile>
    <ClCompile Include="Resources\GenericObjectModelLoader.cpp">
      <Filter>Source Files</Filter>
    </ClCompile>
    <ClCompile Include="Resources\LightLoader.cpp">
      <Filter>Source Files</Filter>
    </ClCompile>
    <ClCompile Include="Resources\MaterialLibraryLoader.cpp">
      <Filter>Source Files</Filter>
    </ClCompile>
    <ClCompile Include="Resources\ParticleSystemLoader.cpp">
      <Filter>Source Files</Filter>
    </ClCompile>
    <ClCompile Include="Resources\ResourceLoader.cpp">
      <Filter>Source Files</Filter>
    </ClCompile>
    <ClCompile Include="Resources\Resources.cpp">
      <Filter>Source Files</Filter>
    </ClCompile>
    <ClCompile Include="Resources\SceneLoader.cpp">
      <Filter>Source Files</Filter>
    </ClCompile>
    <ClCompile Include="Resources\SkyboxLoader.cpp">
      <Filter>Source Files</Filter>
    </ClCompile>
    <ClCompile Include="Resources\StanfordObjectLoader.cpp">
      <Filter>Source Files</Filter>
    </ClCompile>
    <ClCompile Include="Resources\TextureAtlasLoader.cpp">
      <Filter>Source Files</Filter>
    </ClCompile>
    <ClCompile Include="Resources\TextureLoader.cpp">
      <Filter>Source Files</Filter>
    </ClCompile>
    <ClCompile Include="Resources\WavefrontObjectLoader.cpp">
      <Filter>Source Files</Filter>
    </ClCompile>
    <ClCompile Include="SceneGraph\Scene.cpp">
      <Filter>Source Files</Filter>
    </ClCompile>
    <ClCompile Include="SceneGraph\SceneObject.cpp">
      <Filter>Source Files</Filter>
    </ClCompile>
    <ClCompile Include="SceneGraph\Transform.cpp">
      <Filter>Source Files</Filter>
    </ClCompile>
    <ClCompile Include="SceneNodes\AnimationGameObject.cpp">
      <Filter>Source Files</Filter>
    </ClCompile>
    <ClCompile Include="SceneNodes\AnimationModel3DRenderer.cpp">
      <Filter>Source Files</Filter>
    </ClCompile>
    <ClCompile Include="SceneNodes\EntityObject.cpp">
      <Filter>Source Files</Filter>
    </ClCompile>
    <ClCompile Include="SceneNodes\GameObject.cpp">
      <Filter>Source Files</Filter>
    </ClCompile>
    <ClCompile Include="SceneNodes\Model3DRenderer.cpp">
      <Filter>Source Files</Filter>
    </ClCompile>
    <ClCompile Include="SceneNodes\TextGUI.cpp">
      <Filter>Source Files</Filter>
    </ClCompile>
    <ClCompile Include="SceneNodes\TextGUIRenderer.cpp">
      <Filter>Source Files</Filter>
    </ClCompile>
    <ClCompile Include="Skybox\Skybox.cpp">
      <Filter>Source Files</Filter>
    </ClCompile>
    <ClCompile Include="Skybox\SkyboxRenderer.cpp">
      <Filter>Source Files</Filter>
    </ClCompile>
    <ClCompile Include="Systems\Camera\Camera.cpp">
      <Filter>Source Files</Filter>
    </ClCompile>
    <ClCompile Include="Systems\Collision\AABBCollider.cpp">
      <Filter>Source Files</Filter>
    </ClCompile>
    <ClCompile Include="Systems\Collision\Collider.cpp">
      <Filter>Source Files</Filter>
    </ClCompile>
    <ClCompile Include="Systems\Components\Component.cpp">
      <Filter>Source Files</Filter>
    </ClCompile>
    <ClCompile Include="Systems\Components\ComponentManager.cpp">
      <Filter>Source Files</Filter>
    </ClCompile>
    <ClCompile Include="Systems\Components\ComponentObjectI.cpp">
      <Filter>Source Files</Filter>
    </ClCompile>
    <ClCompile Include="Systems\Components\ComponentsFactory.cpp">
      <Filter>Source Files</Filter>
    </ClCompile>
    <ClCompile Include="Systems\Input\Input.cpp">
      <Filter>Source Files</Filter>
    </ClCompile>
    <ClCompile Include="Systems\Physics\Physics.cpp">
      <Filter>Source Files</Filter>
    </ClCompile>
    <ClCompile Include="Systems\Physics\PhysicsSystem.cpp">
      <Filter>Source Files</Filter>
    </ClCompile>
    <ClCompile Include="Systems\Physics\Rigidbody.cpp">
      <Filter>Source Files</Filter>
    </ClCompile>
    <ClCompile Include="Systems\Screen\Screen.cpp">
      <Filter>Source Files</Filter>
    </ClCompile>
    <ClCompile Include="Systems\Time\Time.cpp">
      <Filter>Source Files</Filter>
    </ClCompile>
    <ClCompile Include="Systems\Window\Window.cpp">
      <Filter>Source Files</Filter>
    </ClCompile>
    <ClCompile Include="Texture\CubeMap.cpp">
      <Filter>Source Files</Filter>
    </ClCompile>
    <ClCompile Include="Texture\Texture.cpp">
      <Filter>Source Files</Filter>
    </ClCompile>
    <ClCompile Include="Texture\TextureAtlas.cpp">
      <Filter>Source Files</Filter>
    </ClCompile>
    <ClCompile Include="Utils\Color\Color.cpp">
      <Filter>Source Files</Filter>
    </ClCompile>
    <ClCompile Include="Utils\Conversions\Matrices.cpp">
      <Filter>Source Files</Filter>
    </ClCompile>
    <ClCompile Include="Utils\Conversions\Quaternions.cpp">
      <Filter>Source Files</Filter>
    </ClCompile>
    <ClCompile Include="Utils\Conversions\Vectors.cpp">
      <Filter>Source Files</Filter>
    </ClCompile>
    <ClCompile Include="Utils\Curves\PennerEasing\Back.cpp">
      <Filter>Source Files</Filter>
    </ClCompile>
    <ClCompile Include="Utils\Curves\PennerEasing\Bounce.cpp">
      <Filter>Source Files</Filter>
    </ClCompile>
    <ClCompile Include="Utils\Curves\PennerEasing\Circ.cpp">
      <Filter>Source Files</Filter>
    </ClCompile>
    <ClCompile Include="Utils\Curves\PennerEasing\Cubic.cpp">
      <Filter>Source Files</Filter>
    </ClCompile>
    <ClCompile Include="Utils\Curves\PennerEasing\Elastic.cpp">
      <Filter>Source Files</Filter>
    </ClCompile>
    <ClCompile Include="Utils\Curves\PennerEasing\Expo.cpp">
      <Filter>Source Files</Filter>
    </ClCompile>
    <ClCompile Include="Utils\Curves\PennerEasing\Linear.cpp">
      <Filter>Source Files</Filter>
    </ClCompile>
    <ClCompile Include="Utils\Curves\PennerEasing\Quad.cpp">
      <Filter>Source Files</Filter>
    </ClCompile>
    <ClCompile Include="Utils\Curves\PennerEasing\Quart.cpp">
      <Filter>Source Files</Filter>
    </ClCompile>
    <ClCompile Include="Utils\Curves\PennerEasing\Quint.cpp">
      <Filter>Source Files</Filter>
    </ClCompile>
    <ClCompile Include="Utils\Curves\PennerEasing\Sine.cpp">
      <Filter>Source Files</Filter>
    </ClCompile>
    <ClCompile Include="Utils\Curves\AnimationCurve.cpp">
      <Filter>Source Files</Filter>
    </ClCompile>
    <ClCompile Include="Utils\Curves\EaseCurve.cpp">
      <Filter>Source Files</Filter>
    </ClCompile>
    <ClCompile Include="Utils\Extensions\MathExtend.cpp">
      <Filter>Source Files</Filter>
    </ClCompile>
    <ClCompile Include="Utils\Extensions\StringExtend.cpp">
      <Filter>Source Files</Filter>
    </ClCompile>
    <ClCompile Include="Utils\Files\FileSystem.cpp">
      <Filter>Source Files</Filter>
    </ClCompile>
    <ClCompile Include="Utils\Primitives\Primitive.cpp">
      <Filter>Source Files</Filter>
    </ClCompile>
    <ClCompile Include="Utils\Triangulation\Triangulation.cpp">
      <Filter>Source Files</Filter>
    </ClCompile>
    <ClCompile Include="VisualEffects\ParticleSystem\BillboardParticle.cpp">
      <Filter>Source Files</Filter>
    </ClCompile>
    <ClCompile Include="VisualEffects\ParticleSystem\BillboardParticleRenderer.cpp">
      <Filter>Source Files</Filter>
    </ClCompile>
    <ClCompile Include="VisualEffects\ParticleSystem\CircleEmiter.cpp">
      <Filter>Source Files</Filter>
    </ClCompile>
    <ClCompile Include="VisualEffects\ParticleSystem\CubeEmiter.cpp">
      <Filter>Source Files</Filter>
    </ClCompile>
    <ClCompile Include="VisualEffects\ParticleSystem\Emiter.cpp">
      <Filter>Source Files</Filter>
    </ClCompile>
    <ClCompile Include="VisualEffects\ParticleSystem\MeshEmiter.cpp">
      <Filter>Source Files</Filter>
    </ClCompile>
    <ClCompile Include="VisualEffects\ParticleSystem\MeshParticle.cpp">
      <Filter>Source Files</Filter>
    </ClCompile>
    <ClCompile Include="VisualEffects\ParticleSystem\MeshParticleRenderer.cpp">
      <Filter>Source Files</Filter>
    </ClCompile>
    <ClCompile Include="VisualEffects\ParticleSystem\Particle.cpp">
      <Filter>Source Files</Filter>
    </ClCompile>
    <ClCompile Include="VisualEffects\ParticleSystem\ParticleRenderer.cpp">
      <Filter>Source Files</Filter>
    </ClCompile>
    <ClCompile Include="VisualEffects\ParticleSystem\ParticleSystem.cpp">
      <Filter>Source Files</Filter>
    </ClCompile>
    <ClCompile Include="VisualEffects\ParticleSystem\ParticleSystemRenderer.cpp">
      <Filter>Source Files</Filter>
    </ClCompile>
    <ClCompile Include="VisualEffects\ParticleSystem\PointEmiter.cpp">
      <Filter>Source Files</Filter>
    </ClCompile>
    <ClCompile Include="VisualEffects\ParticleSystem\PrimitiveEmiter.cpp">
      <Filter>Source Files</Filter>
    </ClCompile>
    <ClCompile Include="VisualEffects\ParticleSystem\QuadEmiter.cpp">
      <Filter>Source Files</Filter>
    </ClCompile>
    <ClCompile Include="VisualEffects\ParticleSystem\SphereEmiter.cpp">
      <Filter>Source Files</Filter>
    </ClCompile>
    <ClCompile Include="Wrappers\OpenGL\GL.cpp">
      <Filter>Source Files</Filter>
    </ClCompile>
    <ClCompile Include="main.cpp">
      <Filter>Source Files</Filter>
    </ClCompile>
    <ClCompile Include="Renderer\VoxelVolume.cpp">
      <Filter>Source Files</Filter>
    </ClCompile>
    <ClCompile Include="Renderer\RenderModule.cpp">
      <Filter>Source Files</Filter>
    </ClCompile>
    <ClCompile Include="Renderer\VoxelizationRenderModule.cpp">
      <Filter>Source Files</Filter>
    </ClCompile>
    <ClCompile Include="Renderer\DeferredRenderModule.cpp">
      <Filter>Source Files</Filter>
    </ClCompile>
    <ClCompile Include="Cameras\OrthographicCamera.cpp">
      <Filter>Source Files</Filter>
    </ClCompile>
    <ClCompile Include="Cameras\PerspectiveCamera.cpp">
      <Filter>Source Files</Filter>
    </ClCompile>
    <ClCompile Include="Shadows\DirectionalLightShadowMapRenderer.cpp">
      <Filter>Source Files</Filter>
    </ClCompile>
    <ClCompile Include="Shadows\LightShadowMapRenderer.cpp">
      <Filter>Source Files</Filter>
    </ClCompile>
    <ClCompile Include="Shadows\ShadowMapDirectionalLightVolume.cpp">
      <Filter>Source Files</Filter>
    </ClCompile>
    <ClCompile Include="Shadows\ShadowMapVolume.cpp">
      <Filter>Source Files</Filter>
    </ClCompile>
    <ClCompile Include="Lighting\DirectionalLightRenderer.cpp">
      <Filter>Source Files</Filter>
    </ClCompile>
    <ClCompile Include="SceneGraph\SceneIterator.cpp">
      <Filter>Source Files</Filter>
    </ClCompile>
    <ClCompile Include="Components\VoxelTestComponent.cpp">
      <Filter>Source Files</Filter>
    </ClCompile>
    <ClCompile Include="VoxelConeTrace\DirectionalLightVoxelConeTraceRenderer.cpp">
      <Filter>Source Files</Filter>
    </ClCompile>
    <ClCompile Include="Renderer\VoxelConeTraceRenderModule.cpp">
      <Filter>Source Files</Filter>
    </ClCompile>
    <ClCompile Include="Settings\GeneralSettings.cpp">
      <Filter>Source Files</Filter>
    </ClCompile>
    <ClCompile Include="Renderer\PipelineAttribute.cpp">
      <Filter>Source Files</Filter>
    </ClCompile>
    <ClCompile Include="Shader\ComputeShader.cpp">
      <Filter>Source Files</Filter>
    </ClCompile>
    <ClCompile Include="Shader\DrawingShader.cpp">
      <Filter>Source Files</Filter>
    </ClCompile>
    <ClCompile Include="Shader\Shader.cpp">
      <Filter>Source Files</Filter>
    </ClCompile>
    <ClCompile Include="SceneNodes\NormalMapModel3DRenderer.cpp">
      <Filter>Source Files</Filter>
    </ClCompile>
    <ClCompile Include="SceneNodes\NormalMapGameObject.cpp">
      <Filter>Source Files</Filter>
    </ClCompile>
    <ClCompile Include="Components\ShadowController.cpp">
      <Filter>Source Files</Filter>
    </ClCompile>
    <ClCompile Include="Components\RenderModulesController.cpp">
      <Filter>Source Files</Filter>
    </ClCompile>
  </ItemGroup>
  <ItemGroup>
    <ClInclude Include="Arguments\Argument.h">
      <Filter>Header Files</Filter>
    </ClInclude>
    <ClInclude Include="Arguments\ArgumentsAnalyzer.h">
      <Filter>Header Files</Filter>
    </ClInclude>
    <ClInclude Include="Components\FlyCameraController.h">
      <Filter>Header Files</Filter>
    </ClInclude>
    <ClInclude Include="Components\FPSCameraController.h">
      <Filter>Header Files</Filter>
    </ClInclude>
    <ClInclude Include="Components\FrameRate.h">
      <Filter>Header Files</Filter>
    </ClInclude>
    <ClInclude Include="Components\StatisticsView.h">
      <Filter>Header Files</Filter>
    </ClInclude>
    <ClInclude Include="Core\Console\Console.h">
      <Filter>Header Files</Filter>
    </ClInclude>
    <ClInclude Include="Core\Interfaces\Object.h">
      <Filter>Header Files</Filter>
    </ClInclude>
    <ClInclude Include="Core\Intersections\AABBVolume.h">
      <Filter>Header Files</Filter>
    </ClInclude>
    <ClInclude Include="Core\Intersections\FrustumVolume.h">
      <Filter>Header Files</Filter>
    </ClInclude>
    <ClInclude Include="Core\Intersections\GeometricPrimitive.h">
      <Filter>Header Files</Filter>
    </ClInclude>
    <ClInclude Include="Core\Intersections\Intersection.h">
      <Filter>Header Files</Filter>
    </ClInclude>
    <ClInclude Include="Core\Math\glm\detail\_features.hpp">
      <Filter>Header Files</Filter>
    </ClInclude>
    <ClInclude Include="Core\Math\glm\detail\_fixes.hpp">
      <Filter>Header Files</Filter>
    </ClInclude>
    <ClInclude Include="Core\Math\glm\detail\_noise.hpp">
      <Filter>Header Files</Filter>
    </ClInclude>
    <ClInclude Include="Core\Math\glm\detail\_swizzle.hpp">
      <Filter>Header Files</Filter>
    </ClInclude>
    <ClInclude Include="Core\Math\glm\detail\_swizzle_func.hpp">
      <Filter>Header Files</Filter>
    </ClInclude>
    <ClInclude Include="Core\Math\glm\detail\_vectorize.hpp">
      <Filter>Header Files</Filter>
    </ClInclude>
    <ClInclude Include="Core\Math\glm\detail\func_common.hpp">
      <Filter>Header Files</Filter>
    </ClInclude>
    <ClInclude Include="Core\Math\glm\detail\func_exponential.hpp">
      <Filter>Header Files</Filter>
    </ClInclude>
    <ClInclude Include="Core\Math\glm\detail\func_geometric.hpp">
      <Filter>Header Files</Filter>
    </ClInclude>
    <ClInclude Include="Core\Math\glm\detail\func_integer.hpp">
      <Filter>Header Files</Filter>
    </ClInclude>
    <ClInclude Include="Core\Math\glm\detail\func_matrix.hpp">
      <Filter>Header Files</Filter>
    </ClInclude>
    <ClInclude Include="Core\Math\glm\detail\func_packing.hpp">
      <Filter>Header Files</Filter>
    </ClInclude>
    <ClInclude Include="Core\Math\glm\detail\func_trigonometric.hpp">
      <Filter>Header Files</Filter>
    </ClInclude>
    <ClInclude Include="Core\Math\glm\detail\func_vector_relational.hpp">
      <Filter>Header Files</Filter>
    </ClInclude>
    <ClInclude Include="Core\Math\glm\detail\intrinsic_common.hpp">
      <Filter>Header Files</Filter>
    </ClInclude>
    <ClInclude Include="Core\Math\glm\detail\intrinsic_exponential.hpp">
      <Filter>Header Files</Filter>
    </ClInclude>
    <ClInclude Include="Core\Math\glm\detail\intrinsic_geometric.hpp">
      <Filter>Header Files</Filter>
    </ClInclude>
    <ClInclude Include="Core\Math\glm\detail\intrinsic_integer.hpp">
      <Filter>Header Files</Filter>
    </ClInclude>
    <ClInclude Include="Core\Math\glm\detail\intrinsic_matrix.hpp">
      <Filter>Header Files</Filter>
    </ClInclude>
    <ClInclude Include="Core\Math\glm\detail\intrinsic_trigonometric.hpp">
      <Filter>Header Files</Filter>
    </ClInclude>
    <ClInclude Include="Core\Math\glm\detail\intrinsic_vector_relational.hpp">
      <Filter>Header Files</Filter>
    </ClInclude>
    <ClInclude Include="Core\Math\glm\detail\precision.hpp">
      <Filter>Header Files</Filter>
    </ClInclude>
    <ClInclude Include="Core\Math\glm\detail\setup.hpp">
      <Filter>Header Files</Filter>
    </ClInclude>
    <ClInclude Include="Core\Math\glm\detail\type_float.hpp">
      <Filter>Header Files</Filter>
    </ClInclude>
    <ClInclude Include="Core\Math\glm\detail\type_gentype.hpp">
      <Filter>Header Files</Filter>
    </ClInclude>
    <ClInclude Include="Core\Math\glm\detail\type_half.hpp">
      <Filter>Header Files</Filter>
    </ClInclude>
    <ClInclude Include="Core\Math\glm\detail\type_int.hpp">
      <Filter>Header Files</Filter>
    </ClInclude>
    <ClInclude Include="Core\Math\glm\detail\type_mat.hpp">
      <Filter>Header Files</Filter>
    </ClInclude>
    <ClInclude Include="Core\Math\glm\detail\type_mat2x2.hpp">
      <Filter>Header Files</Filter>
    </ClInclude>
    <ClInclude Include="Core\Math\glm\detail\type_mat2x3.hpp">
      <Filter>Header Files</Filter>
    </ClInclude>
    <ClInclude Include="Core\Math\glm\detail\type_mat2x4.hpp">
      <Filter>Header Files</Filter>
    </ClInclude>
    <ClInclude Include="Core\Math\glm\detail\type_mat3x2.hpp">
      <Filter>Header Files</Filter>
    </ClInclude>
    <ClInclude Include="Core\Math\glm\detail\type_mat3x3.hpp">
      <Filter>Header Files</Filter>
    </ClInclude>
    <ClInclude Include="Core\Math\glm\detail\type_mat3x4.hpp">
      <Filter>Header Files</Filter>
    </ClInclude>
    <ClInclude Include="Core\Math\glm\detail\type_mat4x2.hpp">
      <Filter>Header Files</Filter>
    </ClInclude>
    <ClInclude Include="Core\Math\glm\detail\type_mat4x3.hpp">
      <Filter>Header Files</Filter>
    </ClInclude>
    <ClInclude Include="Core\Math\glm\detail\type_mat4x4.hpp">
      <Filter>Header Files</Filter>
    </ClInclude>
    <ClInclude Include="Core\Math\glm\detail\type_vec.hpp">
      <Filter>Header Files</Filter>
    </ClInclude>
    <ClInclude Include="Core\Math\glm\detail\type_vec1.hpp">
      <Filter>Header Files</Filter>
    </ClInclude>
    <ClInclude Include="Core\Math\glm\detail\type_vec2.hpp">
      <Filter>Header Files</Filter>
    </ClInclude>
    <ClInclude Include="Core\Math\glm\detail\type_vec3.hpp">
      <Filter>Header Files</Filter>
    </ClInclude>
    <ClInclude Include="Core\Math\glm\detail\type_vec4.hpp">
      <Filter>Header Files</Filter>
    </ClInclude>
    <ClInclude Include="Core\Math\glm\gtc\bitfield.hpp">
      <Filter>Header Files</Filter>
    </ClInclude>
    <ClInclude Include="Core\Math\glm\gtc\color_space.hpp">
      <Filter>Header Files</Filter>
    </ClInclude>
    <ClInclude Include="Core\Math\glm\gtc\constants.hpp">
      <Filter>Header Files</Filter>
    </ClInclude>
    <ClInclude Include="Core\Math\glm\gtc\epsilon.hpp">
      <Filter>Header Files</Filter>
    </ClInclude>
    <ClInclude Include="Core\Math\glm\gtc\integer.hpp">
      <Filter>Header Files</Filter>
    </ClInclude>
    <ClInclude Include="Core\Math\glm\gtc\matrix_access.hpp">
      <Filter>Header Files</Filter>
    </ClInclude>
    <ClInclude Include="Core\Math\glm\gtc\matrix_integer.hpp">
      <Filter>Header Files</Filter>
    </ClInclude>
    <ClInclude Include="Core\Math\glm\gtc\matrix_inverse.hpp">
      <Filter>Header Files</Filter>
    </ClInclude>
    <ClInclude Include="Core\Math\glm\gtc\matrix_transform.hpp">
      <Filter>Header Files</Filter>
    </ClInclude>
    <ClInclude Include="Core\Math\glm\gtc\noise.hpp">
      <Filter>Header Files</Filter>
    </ClInclude>
    <ClInclude Include="Core\Math\glm\gtc\packing.hpp">
      <Filter>Header Files</Filter>
    </ClInclude>
    <ClInclude Include="Core\Math\glm\gtc\quaternion.hpp">
      <Filter>Header Files</Filter>
    </ClInclude>
    <ClInclude Include="Core\Math\glm\gtc\random.hpp">
      <Filter>Header Files</Filter>
    </ClInclude>
    <ClInclude Include="Core\Math\glm\gtc\reciprocal.hpp">
      <Filter>Header Files</Filter>
    </ClInclude>
    <ClInclude Include="Core\Math\glm\gtc\round.hpp">
      <Filter>Header Files</Filter>
    </ClInclude>
    <ClInclude Include="Core\Math\glm\gtc\type_precision.hpp">
      <Filter>Header Files</Filter>
    </ClInclude>
    <ClInclude Include="Core\Math\glm\gtc\type_ptr.hpp">
      <Filter>Header Files</Filter>
    </ClInclude>
    <ClInclude Include="Core\Math\glm\gtc\ulp.hpp">
      <Filter>Header Files</Filter>
    </ClInclude>
    <ClInclude Include="Core\Math\glm\gtc\vec1.hpp">
      <Filter>Header Files</Filter>
    </ClInclude>
    <ClInclude Include="Core\Math\glm\gtx\associated_min_max.hpp">
      <Filter>Header Files</Filter>
    </ClInclude>
    <ClInclude Include="Core\Math\glm\gtx\bit.hpp">
      <Filter>Header Files</Filter>
    </ClInclude>
    <ClInclude Include="Core\Math\glm\gtx\closest_point.hpp">
      <Filter>Header Files</Filter>
    </ClInclude>
    <ClInclude Include="Core\Math\glm\gtx\color_space.hpp">
      <Filter>Header Files</Filter>
    </ClInclude>
    <ClInclude Include="Core\Math\glm\gtx\color_space_YCoCg.hpp">
      <Filter>Header Files</Filter>
    </ClInclude>
    <ClInclude Include="Core\Math\glm\gtx\common.hpp">
      <Filter>Header Files</Filter>
    </ClInclude>
    <ClInclude Include="Core\Math\glm\gtx\compatibility.hpp">
      <Filter>Header Files</Filter>
    </ClInclude>
    <ClInclude Include="Core\Math\glm\gtx\component_wise.hpp">
      <Filter>Header Files</Filter>
    </ClInclude>
    <ClInclude Include="Core\Math\glm\gtx\dual_quaternion.hpp">
      <Filter>Header Files</Filter>
    </ClInclude>
    <ClInclude Include="Core\Math\glm\gtx\euler_angles.hpp">
      <Filter>Header Files</Filter>
    </ClInclude>
    <ClInclude Include="Core\Math\glm\gtx\extend.hpp">
      <Filter>Header Files</Filter>
    </ClInclude>
    <ClInclude Include="Core\Math\glm\gtx\extented_min_max.hpp">
      <Filter>Header Files</Filter>
    </ClInclude>
    <ClInclude Include="Core\Math\glm\gtx\fast_exponential.hpp">
      <Filter>Header Files</Filter>
    </ClInclude>
    <ClInclude Include="Core\Math\glm\gtx\fast_square_root.hpp">
      <Filter>Header Files</Filter>
    </ClInclude>
    <ClInclude Include="Core\Math\glm\gtx\fast_trigonometry.hpp">
      <Filter>Header Files</Filter>
    </ClInclude>
    <ClInclude Include="Core\Math\glm\gtx\gradient_paint.hpp">
      <Filter>Header Files</Filter>
    </ClInclude>
    <ClInclude Include="Core\Math\glm\gtx\handed_coordinate_space.hpp">
      <Filter>Header Files</Filter>
    </ClInclude>
    <ClInclude Include="Core\Math\glm\gtx\hash.hpp">
      <Filter>Header Files</Filter>
    </ClInclude>
    <ClInclude Include="Core\Math\glm\gtx\integer.hpp">
      <Filter>Header Files</Filter>
    </ClInclude>
    <ClInclude Include="Core\Math\glm\gtx\intersect.hpp">
      <Filter>Header Files</Filter>
    </ClInclude>
    <ClInclude Include="Core\Math\glm\gtx\io.hpp">
      <Filter>Header Files</Filter>
    </ClInclude>
    <ClInclude Include="Core\Math\glm\gtx\log_base.hpp">
      <Filter>Header Files</Filter>
    </ClInclude>
    <ClInclude Include="Core\Math\glm\gtx\matrix_cross_product.hpp">
      <Filter>Header Files</Filter>
    </ClInclude>
    <ClInclude Include="Core\Math\glm\gtx\matrix_decompose.hpp">
      <Filter>Header Files</Filter>
    </ClInclude>
    <ClInclude Include="Core\Math\glm\gtx\matrix_interpolation.hpp">
      <Filter>Header Files</Filter>
    </ClInclude>
    <ClInclude Include="Core\Math\glm\gtx\matrix_major_storage.hpp">
      <Filter>Header Files</Filter>
    </ClInclude>
    <ClInclude Include="Core\Math\glm\gtx\matrix_operation.hpp">
      <Filter>Header Files</Filter>
    </ClInclude>
    <ClInclude Include="Core\Math\glm\gtx\matrix_query.hpp">
      <Filter>Header Files</Filter>
    </ClInclude>
    <ClInclude Include="Core\Math\glm\gtx\matrix_transform_2d.hpp">
      <Filter>Header Files</Filter>
    </ClInclude>
    <ClInclude Include="Core\Math\glm\gtx\mixed_product.hpp">
      <Filter>Header Files</Filter>
    </ClInclude>
    <ClInclude Include="Core\Math\glm\gtx\norm.hpp">
      <Filter>Header Files</Filter>
    </ClInclude>
    <ClInclude Include="Core\Math\glm\gtx\normal.hpp">
      <Filter>Header Files</Filter>
    </ClInclude>
    <ClInclude Include="Core\Math\glm\gtx\normalize_dot.hpp">
      <Filter>Header Files</Filter>
    </ClInclude>
    <ClInclude Include="Core\Math\glm\gtx\number_precision.hpp">
      <Filter>Header Files</Filter>
    </ClInclude>
    <ClInclude Include="Core\Math\glm\gtx\optimum_pow.hpp">
      <Filter>Header Files</Filter>
    </ClInclude>
    <ClInclude Include="Core\Math\glm\gtx\orthonormalize.hpp">
      <Filter>Header Files</Filter>
    </ClInclude>
    <ClInclude Include="Core\Math\glm\gtx\perpendicular.hpp">
      <Filter>Header Files</Filter>
    </ClInclude>
    <ClInclude Include="Core\Math\glm\gtx\polar_coordinates.hpp">
      <Filter>Header Files</Filter>
    </ClInclude>
    <ClInclude Include="Core\Math\glm\gtx\projection.hpp">
      <Filter>Header Files</Filter>
    </ClInclude>
    <ClInclude Include="Core\Math\glm\gtx\quaternion.hpp">
      <Filter>Header Files</Filter>
    </ClInclude>
    <ClInclude Include="Core\Math\glm\gtx\range.hpp">
      <Filter>Header Files</Filter>
    </ClInclude>
    <ClInclude Include="Core\Math\glm\gtx\raw_data.hpp">
      <Filter>Header Files</Filter>
    </ClInclude>
    <ClInclude Include="Core\Math\glm\gtx\rotate_normalized_axis.hpp">
      <Filter>Header Files</Filter>
    </ClInclude>
    <ClInclude Include="Core\Math\glm\gtx\rotate_vector.hpp">
      <Filter>Header Files</Filter>
    </ClInclude>
    <ClInclude Include="Core\Math\glm\gtx\scalar_multiplication.hpp">
      <Filter>Header Files</Filter>
    </ClInclude>
    <ClInclude Include="Core\Math\glm\gtx\scalar_relational.hpp">
      <Filter>Header Files</Filter>
    </ClInclude>
    <ClInclude Include="Core\Math\glm\gtx\simd_mat4.hpp">
      <Filter>Header Files</Filter>
    </ClInclude>
    <ClInclude Include="Core\Math\glm\gtx\simd_quat.hpp">
      <Filter>Header Files</Filter>
    </ClInclude>
    <ClInclude Include="Core\Math\glm\gtx\simd_vec4.hpp">
      <Filter>Header Files</Filter>
    </ClInclude>
    <ClInclude Include="Core\Math\glm\gtx\spline.hpp">
      <Filter>Header Files</Filter>
    </ClInclude>
    <ClInclude Include="Core\Math\glm\gtx\std_based_type.hpp">
      <Filter>Header Files</Filter>
    </ClInclude>
    <ClInclude Include="Core\Math\glm\gtx\string_cast.hpp">
      <Filter>Header Files</Filter>
    </ClInclude>
    <ClInclude Include="Core\Math\glm\gtx\transform.hpp">
      <Filter>Header Files</Filter>
    </ClInclude>
    <ClInclude Include="Core\Math\glm\gtx\transform2.hpp">
      <Filter>Header Files</Filter>
    </ClInclude>
    <ClInclude Include="Core\Math\glm\gtx\type_aligned.hpp">
      <Filter>Header Files</Filter>
    </ClInclude>
    <ClInclude Include="Core\Math\glm\gtx\vector_angle.hpp">
      <Filter>Header Files</Filter>
    </ClInclude>
    <ClInclude Include="Core\Math\glm\gtx\vector_query.hpp">
      <Filter>Header Files</Filter>
    </ClInclude>
    <ClInclude Include="Core\Math\glm\gtx\wrap.hpp">
      <Filter>Header Files</Filter>
    </ClInclude>
    <ClInclude Include="Core\Math\glm\common.hpp">
      <Filter>Header Files</Filter>
    </ClInclude>
    <ClInclude Include="Core\Math\glm\exponential.hpp">
      <Filter>Header Files</Filter>
    </ClInclude>
    <ClInclude Include="Core\Math\glm\ext.hpp">
      <Filter>Header Files</Filter>
    </ClInclude>
    <ClInclude Include="Core\Math\glm\fwd.hpp">
      <Filter>Header Files</Filter>
    </ClInclude>
    <ClInclude Include="Core\Math\glm\geometric.hpp">
      <Filter>Header Files</Filter>
    </ClInclude>
    <ClInclude Include="Core\Math\glm\glm.hpp">
      <Filter>Header Files</Filter>
    </ClInclude>
    <ClInclude Include="Core\Math\glm\integer.hpp">
      <Filter>Header Files</Filter>
    </ClInclude>
    <ClInclude Include="Core\Math\glm\mat2x2.hpp">
      <Filter>Header Files</Filter>
    </ClInclude>
    <ClInclude Include="Core\Math\glm\mat2x3.hpp">
      <Filter>Header Files</Filter>
    </ClInclude>
    <ClInclude Include="Core\Math\glm\mat2x4.hpp">
      <Filter>Header Files</Filter>
    </ClInclude>
    <ClInclude Include="Core\Math\glm\mat3x2.hpp">
      <Filter>Header Files</Filter>
    </ClInclude>
    <ClInclude Include="Core\Math\glm\mat3x3.hpp">
      <Filter>Header Files</Filter>
    </ClInclude>
    <ClInclude Include="Core\Math\glm\mat3x4.hpp">
      <Filter>Header Files</Filter>
    </ClInclude>
    <ClInclude Include="Core\Math\glm\mat4x2.hpp">
      <Filter>Header Files</Filter>
    </ClInclude>
    <ClInclude Include="Core\Math\glm\mat4x3.hpp">
      <Filter>Header Files</Filter>
    </ClInclude>
    <ClInclude Include="Core\Math\glm\mat4x4.hpp">
      <Filter>Header Files</Filter>
    </ClInclude>
    <ClInclude Include="Core\Math\glm\matrix.hpp">
      <Filter>Header Files</Filter>
    </ClInclude>
    <ClInclude Include="Core\Math\glm\packing.hpp">
      <Filter>Header Files</Filter>
    </ClInclude>
    <ClInclude Include="Core\Math\glm\trigonometric.hpp">
      <Filter>Header Files</Filter>
    </ClInclude>
    <ClInclude Include="Core\Math\glm\vec2.hpp">
      <Filter>Header Files</Filter>
    </ClInclude>
    <ClInclude Include="Core\Math\glm\vec3.hpp">
      <Filter>Header Files</Filter>
    </ClInclude>
    <ClInclude Include="Core\Math\glm\vec4.hpp">
      <Filter>Header Files</Filter>
    </ClInclude>
    <ClInclude Include="Core\Math\glm\vector_relational.hpp">
      <Filter>Header Files</Filter>
    </ClInclude>
    <ClInclude Include="Core\Math\Array.h">
      <Filter>Header Files</Filter>
    </ClInclude>
    <ClInclude Include="Core\Math\Matrix.h">
      <Filter>Header Files</Filter>
    </ClInclude>
    <ClInclude Include="Core\Math\Vector3.h">
      <Filter>Header Files</Filter>
    </ClInclude>
    <ClInclude Include="Core\Parsers\XML\TinyXml\tinystr.h">
      <Filter>Header Files</Filter>
    </ClInclude>
    <ClInclude Include="Core\Parsers\XML\TinyXml\tinyxml.h">
      <Filter>Header Files</Filter>
    </ClInclude>
    <ClInclude Include="Core\Random\Random.h">
      <Filter>Header Files</Filter>
    </ClInclude>
    <ClInclude Include="Core\Singleton\Singleton.h">
      <Filter>Header Files</Filter>
    </ClInclude>
    <ClInclude Include="DataStructures\DisjointSets.h">
      <Filter>Header Files</Filter>
    </ClInclude>
    <ClInclude Include="DataStructures\Graph.h">
      <Filter>Header Files</Filter>
    </ClInclude>
    <ClInclude Include="DataStructures\Hashmap.h">
      <Filter>Header Files</Filter>
    </ClInclude>
    <ClInclude Include="DataStructures\Heap.h">
      <Filter>Header Files</Filter>
    </ClInclude>
    <ClInclude Include="DataStructures\HeapElement.h">
      <Filter>Header Files</Filter>
    </ClInclude>
    <ClInclude Include="Debug\Logger\Logger.h">
      <Filter>Header Files</Filter>
    </ClInclude>
    <ClInclude Include="Debug\Profiler\Profiler.h">
      <Filter>Header Files</Filter>
    </ClInclude>
    <ClInclude Include="Debug\Profiler\ProfilerFrame.h">
      <Filter>Header Files</Filter>
    </ClInclude>
    <ClInclude Include="Debug\Profiler\ProfilerLogger.h">
      <Filter>Header Files</Filter>
    </ClInclude>
    <ClInclude Include="Debug\Statistics\DrawnObjectsCountStat.h">
      <Filter>Header Files</Filter>
    </ClInclude>
    <ClInclude Include="Debug\Statistics\StatisticsManager.h">
      <Filter>Header Files</Filter>
    </ClInclude>
    <ClInclude Include="Debug\Statistics\StatisticsObject.h">
      <Filter>Header Files</Filter>
    </ClInclude>
    <ClInclude Include="Fonts\BitmapFont.h">
      <Filter>Header Files</Filter>
    </ClInclude>
    <ClInclude Include="Fonts\BitmapFontChar.h">
      <Filter>Header Files</Filter>
    </ClInclude>
    <ClInclude Include="Fonts\BitmapFontCharset.h">
      <Filter>Header Files</Filter>
    </ClInclude>
    <ClInclude Include="Fonts\BitmapFontCommon.h">
      <Filter>Header Files</Filter>
    </ClInclude>
    <ClInclude Include="Fonts\BitmapFontInfo.h">
      <Filter>Header Files</Filter>
    </ClInclude>
    <ClInclude Include="Fonts\BitmapFontPage.h">
      <Filter>Header Files</Filter>
    </ClInclude>
    <ClInclude Include="Fonts\Font.h">
      <Filter>Header Files</Filter>
    </ClInclude>
    <ClInclude Include="Fonts\FontChar.h">
      <Filter>Header Files</Filter>
    </ClInclude>
    <ClInclude Include="Lighting\DirectionalLight.h">
      <Filter>Header Files</Filter>
    </ClInclude>
    <ClInclude Include="Lighting\DirectionalLightRenderer.h">
      <Filter>Header Files</Filter>
    </ClInclude>
    <ClInclude Include="Lighting\Light.h">
      <Filter>Header Files</Filter>
    </ClInclude>
    <ClInclude Include="Lighting\LightRenderer.h">
      <Filter>Header Files</Filter>
    </ClInclude>
    <ClInclude Include="Lighting\LightsManager.h">
      <Filter>Header Files</Filter>
    </ClInclude>
    <ClInclude Include="Lighting\PointLight.h">
      <Filter>Header Files</Filter>
    </ClInclude>
    <ClInclude Include="Lighting\PointLightRenderer.h">
      <Filter>Header Files</Filter>
    </ClInclude>
    <ClInclude Include="Lighting\SpotLight.h">
      <Filter>Header Files</Filter>
    </ClInclude>
    <ClInclude Include="Lighting\VolumetricLight.h">
      <Filter>Header Files</Filter>
    </ClInclude>
    <ClInclude Include="Main\Game.h">
      <Filter>Header Files</Filter>
    </ClInclude>
    <ClInclude Include="Main\GameEngine.h">
      <Filter>Header Files</Filter>
    </ClInclude>
    <ClInclude Include="Managers\MaterialManager.h">
      <Filter>Header Files</Filter>
    </ClInclude>
    <ClInclude Include="Managers\SceneManager.h">
      <Filter>Header Files</Filter>
    </ClInclude>
    <ClInclude Include="Managers\ShaderManager.h">
      <Filter>Header Files</Filter>
    </ClInclude>
    <ClInclude Include="Managers\TextManager.h">
      <Filter>Header Files</Filter>
    </ClInclude>
    <ClInclude Include="Managers\TextureManager.h">
      <Filter>Header Files</Filter>
    </ClInclude>
    <ClInclude Include="Material\Material.h">
      <Filter>Header Files</Filter>
    </ClInclude>
    <ClInclude Include="Material\MaterialLibrary.h">
      <Filter>Header Files</Filter>
    </ClInclude>
    <ClInclude Include="Mesh\AnimationContainer.h">
      <Filter>Header Files</Filter>
    </ClInclude>
    <ClInclude Include="Mesh\AnimationModel.h">
      <Filter>Header Files</Filter>
    </ClInclude>
    <ClInclude Include="Mesh\AnimationNode.h">
      <Filter>Header Files</Filter>
    </ClInclude>
    <ClInclude Include="Mesh\AnimationsController.h">
      <Filter>Header Files</Filter>
    </ClInclude>
    <ClInclude Include="Mesh\BoneInfo.h">
      <Filter>Header Files</Filter>
    </ClInclude>
    <ClInclude Include="Mesh\BoneNode.h">
      <Filter>Header Files</Filter>
    </ClInclude>
    <ClInclude Include="Mesh\BoneTree.h">
      <Filter>Header Files</Filter>
    </ClInclude>
    <ClInclude Include="Mesh\BoundingBox.h">
      <Filter>Header Files</Filter>
    </ClInclude>
    <ClInclude Include="Mesh\Model.h">
      <Filter>Header Files</Filter>
    </ClInclude>
    <ClInclude Include="Mesh\ObjectModel.h">
      <Filter>Header Files</Filter>
    </ClInclude>
    <ClInclude Include="Mesh\Polygon.h">
      <Filter>Header Files</Filter>
    </ClInclude>
    <ClInclude Include="Mesh\PolygonGroup.h">
      <Filter>Header Files</Filter>
    </ClInclude>
    <ClInclude Include="Mesh\VertexBoneInfo.h">
      <Filter>Header Files</Filter>
    </ClInclude>
    <ClInclude Include="Modules\SDLModule.h">
      <Filter>Header Files</Filter>
    </ClInclude>
    <ClInclude Include="Renderer\Buffer.h">
      <Filter>Header Files</Filter>
    </ClInclude>
    <ClInclude Include="Renderer\BufferAttribute.h">
      <Filter>Header Files</Filter>
    </ClInclude>
    <ClInclude Include="Renderer\GBuffer.h">
      <Filter>Header Files</Filter>
    </ClInclude>
    <ClInclude Include="Renderer\Pipeline.h">
      <Filter>Header Files</Filter>
    </ClInclude>
    <ClInclude Include="Renderer\PipelineAttribute.h">
      <Filter>Header Files</Filter>
    </ClInclude>
    <ClInclude Include="Renderer\Renderer.h">
      <Filter>Header Files</Filter>
    </ClInclude>
    <ClInclude Include="Renderer\RenderManager.h">
      <Filter>Header Files</Filter>
    </ClInclude>
    <ClInclude Include="Resources\AnimationModelLoader.h">
      <Filter>Header Files</Filter>
    </ClInclude>
    <ClInclude Include="Resources\BitmapFontLoader.h">
      <Filter>Header Files</Filter>
    </ClInclude>
    <ClInclude Include="Resources\CubeMapLoader.h">
      <Filter>Header Files</Filter>
    </ClInclude>
    <ClInclude Include="Resources\GenericObjectModelLoader.h">
      <Filter>Header Files</Filter>
    </ClInclude>
    <ClInclude Include="Resources\LightLoader.h">
      <Filter>Header Files</Filter>
    </ClInclude>
    <ClInclude Include="Resources\MaterialLibraryLoader.h">
      <Filter>Header Files</Filter>
    </ClInclude>
    <ClInclude Include="Resources\ParticleSystemLoader.h">
      <Filter>Header Files</Filter>
    </ClInclude>
    <ClInclude Include="Resources\ResourceLoader.h">
      <Filter>Header Files</Filter>
    </ClInclude>
    <ClInclude Include="Resources\Resources.h">
      <Filter>Header Files</Filter>
    </ClInclude>
    <ClInclude Include="Resources\SceneLoader.h">
      <Filter>Header Files</Filter>
    </ClInclude>
    <ClInclude Include="Resources\SkyboxLoader.h">
      <Filter>Header Files</Filter>
    </ClInclude>
    <ClInclude Include="Resources\StanfordObjectLoader.h">
      <Filter>Header Files</Filter>
    </ClInclude>
    <ClInclude Include="Resources\TextureAtlasLoader.h">
      <Filter>Header Files</Filter>
    </ClInclude>
    <ClInclude Include="Resources\TextureLoader.h">
      <Filter>Header Files</Filter>
    </ClInclude>
    <ClInclude Include="Resources\WavefrontObjectLoader.h">
      <Filter>Header Files</Filter>
    </ClInclude>
    <ClInclude Include="SceneGraph\Scene.h">
      <Filter>Header Files</Filter>
    </ClInclude>
    <ClInclude Include="SceneGraph\SceneObject.h">
      <Filter>Header Files</Filter>
    </ClInclude>
    <ClInclude Include="SceneGraph\Transform.h">
      <Filter>Header Files</Filter>
    </ClInclude>
    <ClInclude Include="SceneNodes\AnimationGameObject.h">
      <Filter>Header Files</Filter>
    </ClInclude>
    <ClInclude Include="SceneNodes\AnimationModel3DRenderer.h">
      <Filter>Header Files</Filter>
    </ClInclude>
    <ClInclude Include="SceneNodes\EntityObject.h">
      <Filter>Header Files</Filter>
    </ClInclude>
    <ClInclude Include="SceneNodes\FontQuad.h">
      <Filter>Header Files</Filter>
    </ClInclude>
    <ClInclude Include="SceneNodes\GameObject.h">
      <Filter>Header Files</Filter>
    </ClInclude>
    <ClInclude Include="SceneNodes\Model3DRenderer.h">
      <Filter>Header Files</Filter>
    </ClInclude>
    <ClInclude Include="SceneNodes\TextGUI.h">
      <Filter>Header Files</Filter>
    </ClInclude>
    <ClInclude Include="SceneNodes\TextGUIRenderer.h">
      <Filter>Header Files</Filter>
    </ClInclude>
    <ClInclude Include="Skybox\Skybox.h">
      <Filter>Header Files</Filter>
    </ClInclude>
    <ClInclude Include="Skybox\SkyboxRenderer.h">
      <Filter>Header Files</Filter>
    </ClInclude>
    <ClInclude Include="Systems\Camera\Camera.h">
      <Filter>Header Files</Filter>
    </ClInclude>
    <ClInclude Include="Systems\Collision\AABBCollider.h">
      <Filter>Header Files</Filter>
    </ClInclude>
    <ClInclude Include="Systems\Collision\Collider.h">
      <Filter>Header Files</Filter>
    </ClInclude>
    <ClInclude Include="Systems\Components\Component.h">
      <Filter>Header Files</Filter>
    </ClInclude>
    <ClInclude Include="Systems\Components\ComponentManager.h">
      <Filter>Header Files</Filter>
    </ClInclude>
    <ClInclude Include="Systems\Components\ComponentObjectI.h">
      <Filter>Header Files</Filter>
    </ClInclude>
    <ClInclude Include="Systems\Components\ComponentsFactory.h">
      <Filter>Header Files</Filter>
    </ClInclude>
    <ClInclude Include="Systems\Input\Input.h">
      <Filter>Header Files</Filter>
    </ClInclude>
    <ClInclude Include="Systems\Input\InputKey.h">
      <Filter>Header Files</Filter>
    </ClInclude>
    <ClInclude Include="Systems\Physics\Physics.h">
      <Filter>Header Files</Filter>
    </ClInclude>
    <ClInclude Include="Systems\Physics\PhysicsSystem.h">
      <Filter>Header Files</Filter>
    </ClInclude>
    <ClInclude Include="Systems\Physics\Rigidbody.h">
      <Filter>Header Files</Filter>
    </ClInclude>
    <ClInclude Include="Systems\Screen\Screen.h">
      <Filter>Header Files</Filter>
    </ClInclude>
    <ClInclude Include="Systems\Time\Time.h">
      <Filter>Header Files</Filter>
    </ClInclude>
    <ClInclude Include="Systems\Window\Window.h">
      <Filter>Header Files</Filter>
    </ClInclude>
    <ClInclude Include="Texture\CubeMap.h">
      <Filter>Header Files</Filter>
    </ClInclude>
    <ClInclude Include="Texture\Texture.h">
      <Filter>Header Files</Filter>
    </ClInclude>
    <ClInclude Include="Texture\TextureAtlas.h">
      <Filter>Header Files</Filter>
    </ClInclude>
    <ClInclude Include="Texture\TextureMode.h">
      <Filter>Header Files</Filter>
    </ClInclude>
    <ClInclude Include="Utils\Color\Color.h">
      <Filter>Header Files</Filter>
    </ClInclude>
    <ClInclude Include="Utils\Conversions\Matrices.h">
      <Filter>Header Files</Filter>
    </ClInclude>
    <ClInclude Include="Utils\Conversions\Quaternions.h">
      <Filter>Header Files</Filter>
    </ClInclude>
    <ClInclude Include="Utils\Conversions\Vectors.h">
      <Filter>Header Files</Filter>
    </ClInclude>
    <ClInclude Include="Utils\Curves\PennerEasing\Back.h">
      <Filter>Header Files</Filter>
    </ClInclude>
    <ClInclude Include="Utils\Curves\PennerEasing\Bounce.h">
      <Filter>Header Files</Filter>
    </ClInclude>
    <ClInclude Include="Utils\Curves\PennerEasing\Circ.h">
      <Filter>Header Files</Filter>
    </ClInclude>
    <ClInclude Include="Utils\Curves\PennerEasing\Cubic.h">
      <Filter>Header Files</Filter>
    </ClInclude>
    <ClInclude Include="Utils\Curves\PennerEasing\Elastic.h">
      <Filter>Header Files</Filter>
    </ClInclude>
    <ClInclude Include="Utils\Curves\PennerEasing\Expo.h">
      <Filter>Header Files</Filter>
    </ClInclude>
    <ClInclude Include="Utils\Curves\PennerEasing\Linear.h">
      <Filter>Header Files</Filter>
    </ClInclude>
    <ClInclude Include="Utils\Curves\PennerEasing\Quad.h">
      <Filter>Header Files</Filter>
    </ClInclude>
    <ClInclude Include="Utils\Curves\PennerEasing\Quart.h">
      <Filter>Header Files</Filter>
    </ClInclude>
    <ClInclude Include="Utils\Curves\PennerEasing\Quint.h">
      <Filter>Header Files</Filter>
    </ClInclude>
    <ClInclude Include="Utils\Curves\PennerEasing\Sine.h">
      <Filter>Header Files</Filter>
    </ClInclude>
    <ClInclude Include="Utils\Curves\AnimationCurve.h">
      <Filter>Header Files</Filter>
    </ClInclude>
    <ClInclude Include="Utils\Curves\EaseCurve.h">
      <Filter>Header Files</Filter>
    </ClInclude>
    <ClInclude Include="Utils\Extensions\MathExtend.h">
      <Filter>Header Files</Filter>
    </ClInclude>
    <ClInclude Include="Utils\Extensions\StringExtend.h">
      <Filter>Header Files</Filter>
    </ClInclude>
    <ClInclude Include="Utils\Files\FileSystem.h">
      <Filter>Header Files</Filter>
    </ClInclude>
    <ClInclude Include="Utils\Primitives\Primitive.h">
      <Filter>Header Files</Filter>
    </ClInclude>
    <ClInclude Include="Utils\Triangulation\Triangulation.h">
      <Filter>Header Files</Filter>
    </ClInclude>
    <ClInclude Include="VisualEffects\ParticleSystem\BillboardParticle.h">
      <Filter>Header Files</Filter>
    </ClInclude>
    <ClInclude Include="VisualEffects\ParticleSystem\BillboardParticleRenderer.h">
      <Filter>Header Files</Filter>
    </ClInclude>
    <ClInclude Include="VisualEffects\ParticleSystem\CircleEmiter.h">
      <Filter>Header Files</Filter>
    </ClInclude>
    <ClInclude Include="VisualEffects\ParticleSystem\CubeEmiter.h">
      <Filter>Header Files</Filter>
    </ClInclude>
    <ClInclude Include="VisualEffects\ParticleSystem\Emiter.h">
      <Filter>Header Files</Filter>
    </ClInclude>
    <ClInclude Include="VisualEffects\ParticleSystem\MeshEmiter.h">
      <Filter>Header Files</Filter>
    </ClInclude>
    <ClInclude Include="VisualEffects\ParticleSystem\MeshParticle.h">
      <Filter>Header Files</Filter>
    </ClInclude>
    <ClInclude Include="VisualEffects\ParticleSystem\MeshParticleRenderer.h">
      <Filter>Header Files</Filter>
    </ClInclude>
    <ClInclude Include="VisualEffects\ParticleSystem\Particle.h">
      <Filter>Header Files</Filter>
    </ClInclude>
    <ClInclude Include="VisualEffects\ParticleSystem\ParticleRenderer.h">
      <Filter>Header Files</Filter>
    </ClInclude>
    <ClInclude Include="VisualEffects\ParticleSystem\ParticleSystem.h">
      <Filter>Header Files</Filter>
    </ClInclude>
    <ClInclude Include="VisualEffects\ParticleSystem\ParticleSystemRenderer.h">
      <Filter>Header Files</Filter>
    </ClInclude>
    <ClInclude Include="VisualEffects\ParticleSystem\ParticleSystemRigidbody.h">
      <Filter>Header Files</Filter>
    </ClInclude>
    <ClInclude Include="VisualEffects\ParticleSystem\PointEmiter.h">
      <Filter>Header Files</Filter>
    </ClInclude>
    <ClInclude Include="VisualEffects\ParticleSystem\PrimitiveEmiter.h">
      <Filter>Header Files</Filter>
    </ClInclude>
    <ClInclude Include="VisualEffects\ParticleSystem\QuadEmiter.h">
      <Filter>Header Files</Filter>
    </ClInclude>
    <ClInclude Include="VisualEffects\ParticleSystem\SphereEmiter.h">
      <Filter>Header Files</Filter>
    </ClInclude>
    <ClInclude Include="Wrappers\OpenGL\GL.h">
      <Filter>Header Files</Filter>
    </ClInclude>
    <ClInclude Include="Renderer\VoxelVolume.h">
      <Filter>Header Files</Filter>
    </ClInclude>
    <ClInclude Include="Renderer\DeferredRenderModule.h">
      <Filter>Header Files</Filter>
    </ClInclude>
    <ClInclude Include="Renderer\VoxelizationRenderModule.h">
      <Filter>Header Files</Filter>
    </ClInclude>
    <ClInclude Include="Renderer\RenderModule.h">
      <Filter>Header Files</Filter>
    </ClInclude>
    <ClInclude Include="Cameras\OrthographicCamera.h">
      <Filter>Header Files</Filter>
    </ClInclude>
    <ClInclude Include="Cameras\PerspectiveCamera.h">
      <Filter>Header Files</Filter>
    </ClInclude>
    <ClInclude Include="Shadows\DirectionalLightShadowMapRenderer.h">
      <Filter>Header Files</Filter>
    </ClInclude>
    <ClInclude Include="Shadows\LightShadowMapRenderer.h">
      <Filter>Header Files</Filter>
    </ClInclude>
    <ClInclude Include="Shadows\ShadowMapDirectionalLightVolume.h">
      <Filter>Header Files</Filter>
    </ClInclude>
    <ClInclude Include="Shadows\ShadowMapVolume.h">
      <Filter>Header Files</Filter>
    </ClInclude>
    <ClInclude Include="SceneNodes\SceneLayer.h">
      <Filter>Header Files</Filter>
    </ClInclude>
    <ClInclude Include="SceneGraph\SceneIterator.h">
      <Filter>Header Files</Filter>
    </ClInclude>
    <ClInclude Include="Components\VoxelTestComponent.h">
      <Filter>Header Files</Filter>
    </ClInclude>
    <ClInclude Include="VoxelConeTrace\DirectionalLightVoxelConeTraceRenderer.h">
      <Filter>Header Files</Filter>
    </ClInclude>
    <ClInclude Include="Renderer\VoxelConeTraceRenderModule.h">
      <Filter>Header Files</Filter>
    </ClInclude>
    <ClInclude Include="Settings\GeneralSettings.h">
      <Filter>Header Files</Filter>
    </ClInclude>
    <ClInclude Include="Shader\ComputeShader.h">
      <Filter>Header Files</Filter>
    </ClInclude>
    <ClInclude Include="Shader\DrawingShader.h">
      <Filter>Header Files</Filter>
    </ClInclude>
    <ClInclude Include="Shader\Shader.h">
      <Filter>Header Files</Filter>
    </ClInclude>
    <ClInclude Include="SceneNodes\NormalMapModel3DRenderer.h">
      <Filter>Header Files</Filter>
    </ClInclude>
    <ClInclude Include="SceneNodes\NormalMapGameObject.h">
      <Filter>Header Files</Filter>
    </ClInclude>
    <ClInclude Include="Renderer\RenderVolumeI.h">
      <Filter>Header Files</Filter>
    </ClInclude>
    <ClInclude Include="Components\ShadowController.h">
      <Filter>Header Files</Filter>
    </ClInclude>
    <ClInclude Include="Components\RenderModulesController.h">
      <Filter>Header Files</Filter>
    </ClInclude>
  </ItemGroup>
  <ItemGroup>
    <None Include="Core\Math\glm\detail\func_common.inl">
      <Filter>Header Files</Filter>
    </None>
    <None Include="Core\Math\glm\detail\func_exponential.inl">
      <Filter>Header Files</Filter>
    </None>
    <None Include="Core\Math\glm\detail\func_geometric.inl">
      <Filter>Header Files</Filter>
    </None>
    <None Include="Core\Math\glm\detail\func_integer.inl">
      <Filter>Header Files</Filter>
    </None>
    <None Include="Core\Math\glm\detail\func_matrix.inl">
      <Filter>Header Files</Filter>
    </None>
    <None Include="Core\Math\glm\detail\func_packing.inl">
      <Filter>Header Files</Filter>
    </None>
    <None Include="Core\Math\glm\detail\func_trigonometric.inl">
      <Filter>Header Files</Filter>
    </None>
    <None Include="Core\Math\glm\detail\func_vector_relational.inl">
      <Filter>Header Files</Filter>
    </None>
    <None Include="Core\Math\glm\detail\intrinsic_common.inl">
      <Filter>Header Files</Filter>
    </None>
    <None Include="Core\Math\glm\detail\intrinsic_exponential.inl">
      <Filter>Header Files</Filter>
    </None>
    <None Include="Core\Math\glm\detail\intrinsic_geometric.inl">
      <Filter>Header Files</Filter>
    </None>
    <None Include="Core\Math\glm\detail\intrinsic_integer.inl">
      <Filter>Header Files</Filter>
    </None>
    <None Include="Core\Math\glm\detail\intrinsic_matrix.inl">
      <Filter>Header Files</Filter>
    </None>
    <None Include="Core\Math\glm\detail\intrinsic_trigonometric.inl">
      <Filter>Header Files</Filter>
    </None>
    <None Include="Core\Math\glm\detail\intrinsic_vector_relational.inl">
      <Filter>Header Files</Filter>
    </None>
    <None Include="Core\Math\glm\detail\type_gentype.inl">
      <Filter>Header Files</Filter>
    </None>
    <None Include="Core\Math\glm\detail\type_half.inl">
      <Filter>Header Files</Filter>
    </None>
    <None Include="Core\Math\glm\detail\type_mat.inl">
      <Filter>Header Files</Filter>
    </None>
    <None Include="Core\Math\glm\detail\type_mat2x2.inl">
      <Filter>Header Files</Filter>
    </None>
    <None Include="Core\Math\glm\detail\type_mat2x3.inl">
      <Filter>Header Files</Filter>
    </None>
    <None Include="Core\Math\glm\detail\type_mat2x4.inl">
      <Filter>Header Files</Filter>
    </None>
    <None Include="Core\Math\glm\detail\type_mat3x2.inl">
      <Filter>Header Files</Filter>
    </None>
    <None Include="Core\Math\glm\detail\type_mat3x3.inl">
      <Filter>Header Files</Filter>
    </None>
    <None Include="Core\Math\glm\detail\type_mat3x4.inl">
      <Filter>Header Files</Filter>
    </None>
    <None Include="Core\Math\glm\detail\type_mat4x2.inl">
      <Filter>Header Files</Filter>
    </None>
    <None Include="Core\Math\glm\detail\type_mat4x3.inl">
      <Filter>Header Files</Filter>
    </None>
    <None Include="Core\Math\glm\detail\type_mat4x4.inl">
      <Filter>Header Files</Filter>
    </None>
    <None Include="Core\Math\glm\detail\type_vec.inl">
      <Filter>Header Files</Filter>
    </None>
    <None Include="Core\Math\glm\detail\type_vec1.inl">
      <Filter>Header Files</Filter>
    </None>
    <None Include="Core\Math\glm\detail\type_vec2.inl">
      <Filter>Header Files</Filter>
    </None>
    <None Include="Core\Math\glm\detail\type_vec3.inl">
      <Filter>Header Files</Filter>
    </None>
    <None Include="Core\Math\glm\detail\type_vec4.inl">
      <Filter>Header Files</Filter>
    </None>
    <None Include="Core\Math\glm\detail\type_vec4_avx.inl">
      <Filter>Header Files</Filter>
    </None>
    <None Include="Core\Math\glm\detail\type_vec4_avx2.inl">
      <Filter>Header Files</Filter>
    </None>
    <None Include="Core\Math\glm\detail\type_vec4_sse2.inl">
      <Filter>Header Files</Filter>
    </None>
    <None Include="Core\Math\glm\gtc\bitfield.inl">
      <Filter>Header Files</Filter>
    </None>
    <None Include="Core\Math\glm\gtc\color_space.inl">
      <Filter>Header Files</Filter>
    </None>
    <None Include="Core\Math\glm\gtc\constants.inl">
      <Filter>Header Files</Filter>
    </None>
    <None Include="Core\Math\glm\gtc\epsilon.inl">
      <Filter>Header Files</Filter>
    </None>
    <None Include="Core\Math\glm\gtc\integer.inl">
      <Filter>Header Files</Filter>
    </None>
    <None Include="Core\Math\glm\gtc\matrix_access.inl">
      <Filter>Header Files</Filter>
    </None>
    <None Include="Core\Math\glm\gtc\matrix_inverse.inl">
      <Filter>Header Files</Filter>
    </None>
    <None Include="Core\Math\glm\gtc\matrix_transform.inl">
      <Filter>Header Files</Filter>
    </None>
    <None Include="Core\Math\glm\gtc\noise.inl">
      <Filter>Header Files</Filter>
    </None>
    <None Include="Core\Math\glm\gtc\packing.inl">
      <Filter>Header Files</Filter>
    </None>
    <None Include="Core\Math\glm\gtc\quaternion.inl">
      <Filter>Header Files</Filter>
    </None>
    <None Include="Core\Math\glm\gtc\random.inl">
      <Filter>Header Files</Filter>
    </None>
    <None Include="Core\Math\glm\gtc\reciprocal.inl">
      <Filter>Header Files</Filter>
    </None>
    <None Include="Core\Math\glm\gtc\round.inl">
      <Filter>Header Files</Filter>
    </None>
    <None Include="Core\Math\glm\gtc\type_precision.inl">
      <Filter>Header Files</Filter>
    </None>
    <None Include="Core\Math\glm\gtc\type_ptr.inl">
      <Filter>Header Files</Filter>
    </None>
    <None Include="Core\Math\glm\gtc\ulp.inl">
      <Filter>Header Files</Filter>
    </None>
    <None Include="Core\Math\glm\gtc\vec1.inl">
      <Filter>Header Files</Filter>
    </None>
    <None Include="Core\Math\glm\gtx\associated_min_max.inl">
      <Filter>Header Files</Filter>
    </None>
    <None Include="Core\Math\glm\gtx\bit.inl">
      <Filter>Header Files</Filter>
    </None>
    <None Include="Core\Math\glm\gtx\closest_point.inl">
      <Filter>Header Files</Filter>
    </None>
    <None Include="Core\Math\glm\gtx\color_space.inl">
      <Filter>Header Files</Filter>
    </None>
    <None Include="Core\Math\glm\gtx\color_space_YCoCg.inl">
      <Filter>Header Files</Filter>
    </None>
    <None Include="Core\Math\glm\gtx\common.inl">
      <Filter>Header Files</Filter>
    </None>
    <None Include="Core\Math\glm\gtx\compatibility.inl">
      <Filter>Header Files</Filter>
    </None>
    <None Include="Core\Math\glm\gtx\component_wise.inl">
      <Filter>Header Files</Filter>
    </None>
    <None Include="Core\Math\glm\gtx\dual_quaternion.inl">
      <Filter>Header Files</Filter>
    </None>
    <None Include="Core\Math\glm\gtx\euler_angles.inl">
      <Filter>Header Files</Filter>
    </None>
    <None Include="Core\Math\glm\gtx\extend.inl">
      <Filter>Header Files</Filter>
    </None>
    <None Include="Core\Math\glm\gtx\extented_min_max.inl">
      <Filter>Header Files</Filter>
    </None>
    <None Include="Core\Math\glm\gtx\fast_exponential.inl">
      <Filter>Header Files</Filter>
    </None>
    <None Include="Core\Math\glm\gtx\fast_square_root.inl">
      <Filter>Header Files</Filter>
    </None>
    <None Include="Core\Math\glm\gtx\fast_trigonometry.inl">
      <Filter>Header Files</Filter>
    </None>
    <None Include="Core\Math\glm\gtx\gradient_paint.inl">
      <Filter>Header Files</Filter>
    </None>
    <None Include="Core\Math\glm\gtx\handed_coordinate_space.inl">
      <Filter>Header Files</Filter>
    </None>
    <None Include="Core\Math\glm\gtx\hash.inl">
      <Filter>Header Files</Filter>
    </None>
    <None Include="Core\Math\glm\gtx\integer.inl">
      <Filter>Header Files</Filter>
    </None>
    <None Include="Core\Math\glm\gtx\intersect.inl">
      <Filter>Header Files</Filter>
    </None>
    <None Include="Core\Math\glm\gtx\io.inl">
      <Filter>Header Files</Filter>
    </None>
    <None Include="Core\Math\glm\gtx\log_base.inl">
      <Filter>Header Files</Filter>
    </None>
    <None Include="Core\Math\glm\gtx\matrix_cross_product.inl">
      <Filter>Header Files</Filter>
    </None>
    <None Include="Core\Math\glm\gtx\matrix_decompose.inl">
      <Filter>Header Files</Filter>
    </None>
    <None Include="Core\Math\glm\gtx\matrix_interpolation.inl">
      <Filter>Header Files</Filter>
    </None>
    <None Include="Core\Math\glm\gtx\matrix_major_storage.inl">
      <Filter>Header Files</Filter>
    </None>
    <None Include="Core\Math\glm\gtx\matrix_operation.inl">
      <Filter>Header Files</Filter>
    </None>
    <None Include="Core\Math\glm\gtx\matrix_query.inl">
      <Filter>Header Files</Filter>
    </None>
    <None Include="Core\Math\glm\gtx\matrix_transform_2d.inl">
      <Filter>Header Files</Filter>
    </None>
    <None Include="Core\Math\glm\gtx\mixed_product.inl">
      <Filter>Header Files</Filter>
    </None>
    <None Include="Core\Math\glm\gtx\norm.inl">
      <Filter>Header Files</Filter>
    </None>
    <None Include="Core\Math\glm\gtx\normal.inl">
      <Filter>Header Files</Filter>
    </None>
    <None Include="Core\Math\glm\gtx\normalize_dot.inl">
      <Filter>Header Files</Filter>
    </None>
    <None Include="Core\Math\glm\gtx\number_precision.inl">
      <Filter>Header Files</Filter>
    </None>
    <None Include="Core\Math\glm\gtx\optimum_pow.inl">
      <Filter>Header Files</Filter>
    </None>
    <None Include="Core\Math\glm\gtx\orthonormalize.inl">
      <Filter>Header Files</Filter>
    </None>
    <None Include="Core\Math\glm\gtx\perpendicular.inl">
      <Filter>Header Files</Filter>
    </None>
    <None Include="Core\Math\glm\gtx\polar_coordinates.inl">
      <Filter>Header Files</Filter>
    </None>
    <None Include="Core\Math\glm\gtx\projection.inl">
      <Filter>Header Files</Filter>
    </None>
    <None Include="Core\Math\glm\gtx\quaternion.inl">
      <Filter>Header Files</Filter>
    </None>
    <None Include="Core\Math\glm\gtx\raw_data.inl">
      <Filter>Header Files</Filter>
    </None>
    <None Include="Core\Math\glm\gtx\rotate_normalized_axis.inl">
      <Filter>Header Files</Filter>
    </None>
    <None Include="Core\Math\glm\gtx\rotate_vector.inl">
      <Filter>Header Files</Filter>
    </None>
    <None Include="Core\Math\glm\gtx\scalar_relational.inl">
      <Filter>Header Files</Filter>
    </None>
    <None Include="Core\Math\glm\gtx\simd_mat4.inl">
      <Filter>Header Files</Filter>
    </None>
    <None Include="Core\Math\glm\gtx\simd_quat.inl">
      <Filter>Header Files</Filter>
    </None>
    <None Include="Core\Math\glm\gtx\simd_vec4.inl">
      <Filter>Header Files</Filter>
    </None>
    <None Include="Core\Math\glm\gtx\spline.inl">
      <Filter>Header Files</Filter>
    </None>
    <None Include="Core\Math\glm\gtx\std_based_type.inl">
      <Filter>Header Files</Filter>
    </None>
    <None Include="Core\Math\glm\gtx\string_cast.inl">
      <Filter>Header Files</Filter>
    </None>
    <None Include="Core\Math\glm\gtx\transform.inl">
      <Filter>Header Files</Filter>
    </None>
    <None Include="Core\Math\glm\gtx\transform2.inl">
      <Filter>Header Files</Filter>
    </None>
    <None Include="Core\Math\glm\gtx\type_aligned.inl">
      <Filter>Header Files</Filter>
    </None>
    <None Include="Core\Math\glm\gtx\vector_angle.inl">
      <Filter>Header Files</Filter>
    </None>
    <None Include="Core\Math\glm\gtx\vector_query.inl">
      <Filter>Header Files</Filter>
    </None>
    <None Include="Core\Math\glm\gtx\wrap.inl">
      <Filter>Header Files</Filter>
    </None>
  </ItemGroup>
</Project>